
Microsoft Visual Studio Solution File, Format Version 12.00
# Visual Studio Version 17
VisualStudioVersion = 17.7.34031.279
MinimumVisualStudioVersion = 10.0.40219.1
Project("{FAE04EC0-301F-11D3-BF4B-00C04F79EFBC}") = "Admin website", "Admin website\Admin website.csproj", "{B9DFB3C5-1722-4998-8549-5E4D9C282E02}"
EndProject
Global
	GlobalSection(SolutionConfigurationPlatforms) = preSolution
		Debug|Any CPU = Debug|Any CPU
		Release|Any CPU = Release|Any CPU
	EndGlobalSection
	GlobalSection(ProjectConfigurationPlatforms) = postSolution
		{B9DFB3C5-1722-4998-8549-5E4D9C282E02}.Debug|Any CPU.ActiveCfg = Debug|Any CPU
		{B9DFB3C5-1722-4998-8549-5E4D9C282E02}.Debug|Any CPU.Build.0 = Debug|Any CPU
		{B9DFB3C5-1722-4998-8549-5E4D9C282E02}.Release|Any CPU.ActiveCfg = Release|Any CPU
		{B9DFB3C5-1722-4998-8549-5E4D9C282E02}.Release|Any CPU.Build.0 = Release|Any CPU
	EndGlobalSection
	GlobalSection(SolutionProperties) = preSolution
		HideSolutionNode = FALSE
	EndGlobalSection
	GlobalSection(ExtensibilityGlobals) = postSolution
		SolutionGuid = {2AEC589E-D128-4AB1-AC2D-EC622464E0A9}
	EndGlobalSection
EndGlobal
